{
  "version": 4,
  "terraform_version": "1.2.5",
  "serial": 274,
  "lineage": "affaddff-2ac8-6c58-dab3-50bd06c676b5",
  "outputs": {},
  "resources": [
    {
      "mode": "managed",
      "type": "local_file",
      "name": "env_file",
      "provider": "provider[\"registry.terraform.io/hashicorp/local\"]",
      "instances": [
        {
          "schema_version": 0,
          "attributes": {
            "content": "PROJECT_ID=mlops-zoomcamp-352510\nBACKEND_PUSH_STREAM=terraform-mlops-backend-push-stream\nBACKEND_PULL_STREAM=terraform-mlops-backend-pull-stream\nBACKEND_PULL_SUBSCRIBER_ID=terraform-mlops-backend-pull-stream-sub\nMODEL_BUCKET=terraform-mlops-taxi-model-bucket\nGOOGLE_APPLICATION_CREDENTIALS=./service-account.json\n",
            "content_base64": null,
            "directory_permission": "0777",
            "file_permission": "0777",
            "filename": "../../.env",
            "id": "d6b9e295f7c858a0a688c7ccf2cd648a570d555d",
            "sensitive_content": null,
            "source": null
          },
          "sensitive_attributes": [],
          "private": "bnVsbA=="
        }
      ]
    },
    {
      "mode": "managed",
      "type": "null_resource",
      "name": "copy_env_file",
      "provider": "provider[\"registry.terraform.io/hashicorp/null\"]",
      "instances": [
        {
          "schema_version": 0,
          "attributes": {
            "id": "7125150584197610575",
            "triggers": null
          },
          "sensitive_attributes": [],
          "private": "bnVsbA==",
          "dependencies": [
            "local_file.env_file"
          ]
        }
      ]
    },
    {
      "module": "module.backend_pull_stream",
      "mode": "managed",
      "type": "google_pubsub_topic",
      "name": "topic",
      "provider": "provider[\"registry.terraform.io/hashicorp/google\"]",
      "instances": [
        {
          "schema_version": 0,
          "attributes": {
            "id": "projects/mlops-zoomcamp-352510/topics/terraform-mlops-backend-pull-stream",
            "kms_key_name": "",
            "labels": null,
            "message_retention_duration": "86600s",
            "message_storage_policy": [],
            "name": "terraform-mlops-backend-pull-stream",
            "project": "mlops-zoomcamp-352510",
            "schema_settings": [],
            "timeouts": null
          },
          "sensitive_attributes": [],
          "private": "eyJlMmJmYjczMC1lY2FhLTExZTYtOGY4OC0zNDM2M2JjN2M0YzAiOnsiY3JlYXRlIjoxMjAwMDAwMDAwMDAwLCJkZWxldGUiOjEyMDAwMDAwMDAwMDAsInVwZGF0ZSI6MTIwMDAwMDAwMDAwMH19"
        }
      ]
    },
    {
      "module": "module.backend_pull_stream",
      "mode": "managed",
      "type": "google_pubsub_topic_iam_member",
      "name": "member",
      "provider": "provider[\"registry.terraform.io/hashicorp/google\"]",
      "instances": [
        {
          "schema_version": 0,
          "attributes": {
            "condition": [],
            "etag": "BwXlGC/G4Iw=",
            "id": "projects/mlops-zoomcamp-352510/topics/terraform-mlops-backend-pull-stream/roles/pubsub.publisher/serviceAccount:publisher@mlops-zoomcamp-352510.iam.gserviceaccount.com",
            "member": "serviceAccount:publisher@mlops-zoomcamp-352510.iam.gserviceaccount.com",
            "project": "mlops-zoomcamp-352510",
            "role": "roles/pubsub.publisher",
            "topic": "projects/mlops-zoomcamp-352510/topics/terraform-mlops-backend-pull-stream"
          },
          "sensitive_attributes": [],
          "private": "bnVsbA==",
          "dependencies": [
            "module.backend_pull_stream.google_pubsub_topic.topic"
          ]
        }
      ]
    },
    {
      "module": "module.backend_push_stream",
      "mode": "managed",
      "type": "google_pubsub_topic",
      "name": "topic",
      "provider": "provider[\"registry.terraform.io/hashicorp/google\"]",
      "instances": [
        {
          "schema_version": 0,
          "attributes": {
            "id": "projects/mlops-zoomcamp-352510/topics/terraform-mlops-backend-push-stream",
            "kms_key_name": "",
            "labels": null,
            "message_retention_duration": "86600s",
            "message_storage_policy": [],
            "name": "terraform-mlops-backend-push-stream",
            "project": "mlops-zoomcamp-352510",
            "schema_settings": [],
            "timeouts": null
          },
          "sensitive_attributes": [],
          "private": "eyJlMmJmYjczMC1lY2FhLTExZTYtOGY4OC0zNDM2M2JjN2M0YzAiOnsiY3JlYXRlIjoxMjAwMDAwMDAwMDAwLCJkZWxldGUiOjEyMDAwMDAwMDAwMDAsInVwZGF0ZSI6MTIwMDAwMDAwMDAwMH19"
        }
      ]
    },
    {
      "module": "module.backend_push_stream",
      "mode": "managed",
      "type": "google_pubsub_topic_iam_member",
      "name": "member",
      "provider": "provider[\"registry.terraform.io/hashicorp/google\"]",
      "instances": [
        {
          "schema_version": 0,
          "attributes": {
            "condition": [],
            "etag": "BwXlGC/lBHM=",
            "id": "projects/mlops-zoomcamp-352510/topics/terraform-mlops-backend-push-stream/roles/pubsub.publisher/serviceAccount:publisher@mlops-zoomcamp-352510.iam.gserviceaccount.com",
            "member": "serviceAccount:publisher@mlops-zoomcamp-352510.iam.gserviceaccount.com",
            "project": "mlops-zoomcamp-352510",
            "role": "roles/pubsub.publisher",
            "topic": "projects/mlops-zoomcamp-352510/topics/terraform-mlops-backend-push-stream"
          },
          "sensitive_attributes": [],
          "private": "bnVsbA==",
          "dependencies": [
            "module.backend_push_stream.google_pubsub_topic.topic"
          ]
        }
      ]
    },
    {
      "module": "module.bucket",
      "mode": "managed",
      "type": "google_storage_bucket",
      "name": "model_bucket",
      "provider": "provider[\"registry.terraform.io/hashicorp/google\"]",
      "instances": [
        {
          "schema_version": 0,
          "attributes": {
            "cors": [],
            "default_event_based_hold": false,
            "encryption": [],
            "force_destroy": true,
            "id": "terraform-mlops-taxi-model-bucket",
            "labels": null,
            "lifecycle_rule": [],
            "location": "EU",
            "logging": [],
            "name": "terraform-mlops-taxi-model-bucket",
            "project": "mlops-zoomcamp-352510",
            "requester_pays": false,
            "retention_policy": [],
            "self_link": "https://www.googleapis.com/storage/v1/b/terraform-mlops-taxi-model-bucket",
            "storage_class": "STANDARD",
            "timeouts": null,
            "uniform_bucket_level_access": false,
            "url": "gs://terraform-mlops-taxi-model-bucket",
            "versioning": [],
            "website": []
          },
          "sensitive_attributes": [],
          "private": "eyJlMmJmYjczMC1lY2FhLTExZTYtOGY4OC0zNDM2M2JjN2M0YzAiOnsiY3JlYXRlIjoyNDAwMDAwMDAwMDAsInJlYWQiOjI0MDAwMDAwMDAwMCwidXBkYXRlIjoyNDAwMDAwMDAwMDB9fQ=="
        }
      ]
    },
    {
      "module": "module.bucket",
      "mode": "managed",
      "type": "google_storage_bucket_iam_member",
      "name": "member",
      "provider": "provider[\"registry.terraform.io/hashicorp/google\"]",
      "instances": [
        {
          "schema_version": 0,
          "attributes": {
            "bucket": "b/terraform-mlops-taxi-model-bucket",
            "condition": [],
            "etag": "CAI=",
            "id": "b/terraform-mlops-taxi-model-bucket/roles/storage.objectViewer/serviceAccount:publisher@mlops-zoomcamp-352510.iam.gserviceaccount.com",
            "member": "serviceAccount:publisher@mlops-zoomcamp-352510.iam.gserviceaccount.com",
            "role": "roles/storage.objectViewer"
          },
          "sensitive_attributes": [],
          "private": "bnVsbA==",
          "dependencies": [
            "module.bucket.google_storage_bucket.model_bucket"
          ]
        }
      ]
    },
    {
      "module": "module.function",
      "mode": "managed",
      "type": "google_cloudfunctions_function",
      "name": "function",
      "provider": "provider[\"registry.terraform.io/hashicorp/google\"]",
      "instances": [
        {
          "schema_version": 0,
          "attributes": {
            "available_memory_mb": 256,
            "build_environment_variables": null,
            "description": "",
            "docker_registry": "CONTAINER_REGISTRY",
            "docker_repository": "",
            "entry_point": "predict_duration",
            "environment_variables": {
              "BACKEND_PULL_STREAM": "terraform-mlops-backend-pull-stream",
              "GOOGLE_APPLICATION_CREDENTIALS": "./service-account.json",
              "MODEL_BUCKET": "terraform-mlops-taxi-model-bucket",
              "PROJECT_ID": "mlops-zoomcamp-352510"
            },
            "event_trigger": [
              {
                "event_type": "google.pubsub.topic.publish",
                "failure_policy": [
                  {
                    "retry": false
                  }
                ],
                "resource": "projects/mlops-zoomcamp-352510/topics/terraform-mlops-backend-push-stream"
              }
            ],
            "https_trigger_security_level": null,
            "https_trigger_url": null,
            "id": "projects/mlops-zoomcamp-352510/locations/europe-west3/functions/terraform-mlops-duration-prediction",
            "ingress_settings": "ALLOW_ALL",
            "kms_key_name": "",
            "labels": null,
            "max_instances": 0,
            "min_instances": 0,
            "name": "terraform-mlops-duration-prediction",
            "project": "mlops-zoomcamp-352510",
            "region": "europe-west3",
            "runtime": "python39",
            "secret_environment_variables": [],
            "secret_volumes": [],
            "service_account_email": "mlops-zoomcamp-352510@appspot.gserviceaccount.com",
            "source_archive_bucket": "terraform-mlops-taxi-model-bucket",
            "source_archive_object": "function.zip",
            "source_repository": [],
            "timeout": 60,
            "timeouts": null,
            "trigger_http": null,
            "vpc_connector": "",
            "vpc_connector_egress_settings": ""
          },
          "sensitive_attributes": [],
          "private": "eyJlMmJmYjczMC1lY2FhLTExZTYtOGY4OC0zNDM2M2JjN2M0YzAiOnsiY3JlYXRlIjozMDAwMDAwMDAwMDAsImRlbGV0ZSI6MzAwMDAwMDAwMDAwLCJyZWFkIjozMDAwMDAwMDAwMDAsInVwZGF0ZSI6MzAwMDAwMDAwMDAwfX0=",
          "dependencies": [
            "module.backend_pull_stream.google_pubsub_topic.topic",
            "module.backend_push_stream.google_pubsub_topic.topic",
            "module.bucket.google_storage_bucket.model_bucket",
            "module.bucket.google_storage_bucket_iam_member.member",
            "module.function.google_storage_bucket_object.function_archive",
            "module.function.null_resource.zip_function_files"
          ]
        }
      ]
    },
    {
      "module": "module.function",
      "mode": "managed",
      "type": "google_storage_bucket_object",
      "name": "function_archive",
      "provider": "provider[\"registry.terraform.io/hashicorp/google\"]",
      "instances": [
        {
          "schema_version": 0,
          "attributes": {
            "bucket": "terraform-mlops-taxi-model-bucket",
            "cache_control": "",
            "content": null,
            "content_disposition": "",
            "content_encoding": "",
            "content_language": "",
            "content_type": "application/zip",
            "crc32c": "v0t7Og==",
            "customer_encryption": [],
            "detect_md5hash": "ZTctLU6NsZagsXINLB29Zw==",
            "event_based_hold": false,
            "id": "terraform-mlops-taxi-model-bucket-function.zip",
            "kms_key_name": "",
            "md5hash": "ZTctLU6NsZagsXINLB29Zw==",
            "media_link": "https://storage.googleapis.com/download/storage/v1/b/terraform-mlops-taxi-model-bucket/o/function.zip?generation=1659266930686860\u0026alt=media",
            "metadata": null,
            "name": "function.zip",
            "output_name": "function.zip",
            "self_link": "https://www.googleapis.com/storage/v1/b/terraform-mlops-taxi-model-bucket/o/function.zip",
            "source": "./function.zip",
            "storage_class": "STANDARD",
            "temporary_hold": false,
            "timeouts": null
          },
          "sensitive_attributes": [],
          "private": "eyJlMmJmYjczMC1lY2FhLTExZTYtOGY4OC0zNDM2M2JjN2M0YzAiOnsiY3JlYXRlIjoyNDAwMDAwMDAwMDAsImRlbGV0ZSI6MjQwMDAwMDAwMDAwLCJ1cGRhdGUiOjI0MDAwMDAwMDAwMH19",
          "dependencies": [
            "module.bucket.google_storage_bucket.model_bucket",
            "module.bucket.google_storage_bucket_iam_member.member",
            "module.function.null_resource.zip_function_files"
          ]
        }
      ]
    },
    {
      "module": "module.function",
      "mode": "managed",
      "type": "null_resource",
      "name": "zip_function_files",
      "provider": "provider[\"registry.terraform.io/hashicorp/null\"]",
      "instances": [
        {
          "schema_version": 0,
          "attributes": {
            "id": "2569752157967494821",
            "triggers": null
          },
          "sensitive_attributes": [],
          "private": "bnVsbA==",
          "dependencies": [
            "module.bucket.google_storage_bucket.model_bucket",
            "module.bucket.google_storage_bucket_iam_member.member"
          ]
        }
      ]
    },
    {
      "module": "module.subscriber",
      "mode": "managed",
      "type": "google_pubsub_subscription",
      "name": "subscriber",
      "provider": "provider[\"registry.terraform.io/hashicorp/google\"]",
      "instances": [
        {
          "schema_version": 0,
          "attributes": {
            "ack_deadline_seconds": 10,
            "dead_letter_policy": [],
            "enable_exactly_once_delivery": false,
            "enable_message_ordering": false,
            "expiration_policy": [
              {
                "ttl": "2678400s"
              }
            ],
            "filter": "",
            "id": "projects/mlops-zoomcamp-352510/subscriptions/terraform-mlops-backend-pull-stream-sub",
            "labels": null,
            "message_retention_duration": "604800s",
            "name": "terraform-mlops-backend-pull-stream-sub",
            "project": "mlops-zoomcamp-352510",
            "push_config": [],
            "retain_acked_messages": false,
            "retry_policy": [],
            "timeouts": null,
            "topic": "projects/mlops-zoomcamp-352510/topics/terraform-mlops-backend-pull-stream"
          },
          "sensitive_attributes": [],
          "private": "eyJlMmJmYjczMC1lY2FhLTExZTYtOGY4OC0zNDM2M2JjN2M0YzAiOnsiY3JlYXRlIjoxMjAwMDAwMDAwMDAwLCJkZWxldGUiOjEyMDAwMDAwMDAwMDAsInVwZGF0ZSI6MTIwMDAwMDAwMDAwMH19",
          "dependencies": [
            "module.backend_pull_stream.google_pubsub_topic.topic"
          ]
        }
      ]
    },
    {
      "module": "module.subscriber",
      "mode": "managed",
      "type": "google_pubsub_subscription_iam_member",
      "name": "member",
      "provider": "provider[\"registry.terraform.io/hashicorp/google\"]",
      "instances": [
        {
          "schema_version": 0,
          "attributes": {
            "condition": [],
            "etag": "BwXlGDBAGQs=",
            "id": "projects/mlops-zoomcamp-352510/subscriptions/terraform-mlops-backend-pull-stream-sub/roles/pubsub.subscriber/serviceAccount:publisher@mlops-zoomcamp-352510.iam.gserviceaccount.com",
            "member": "serviceAccount:publisher@mlops-zoomcamp-352510.iam.gserviceaccount.com",
            "project": null,
            "role": "roles/pubsub.subscriber",
            "subscription": "terraform-mlops-backend-pull-stream-sub"
          },
          "sensitive_attributes": [],
          "private": "bnVsbA==",
          "dependencies": [
            "module.backend_pull_stream.google_pubsub_topic.topic",
            "module.subscriber.google_pubsub_subscription.subscriber"
          ]
        }
      ]
    }
  ]
}
